
Microsoft Visual Studio Solution File, Format Version 12.00
# Visual Studio Version 17
VisualStudioVersion = 17.5.002.0
MinimumVisualStudioVersion = 10.0.40219.1
Project("{9A19103F-16F7-4668-BE54-9A1E7A4F7556}") = "IDS-Integrador", "IDS-Integrador.csproj", "{2B8AC46F-0F64-436D-AF50-501678288189}"
EndProject
Global
	GlobalSection(SolutionConfigurationPlatforms) = preSolution
		Debug|Any CPU = Debug|Any CPU
		Release|Any CPU = Release|Any CPU
	EndGlobalSection
	GlobalSection(ProjectConfigurationPlatforms) = postSolution
		{2B8AC46F-0F64-436D-AF50-501678288189}.Debug|Any CPU.ActiveCfg = Debug|Any CPU
		{2B8AC46F-0F64-436D-AF50-501678288189}.Debug|Any CPU.Build.0 = Debug|Any CPU
		{2B8AC46F-0F64-436D-AF50-501678288189}.Release|Any CPU.ActiveCfg = Release|Any CPU
		{2B8AC46F-0F64-436D-AF50-501678288189}.Release|Any CPU.Build.0 = Release|Any CPU
	EndGlobalSection
	GlobalSection(SolutionProperties) = preSolution
		HideSolutionNode = FALSE
	EndGlobalSection
	GlobalSection(ExtensibilityGlobals) = postSolution
		SolutionGuid = {5B29D840-F621-4ADF-ABA2-F7794DCE84A6}
	EndGlobalSection
EndGlobal
